{
  "nodes": {
    "nh": {
      "inputs": {
        "nixpkgs": "nixpkgs"
      },
      "locked": {
        "lastModified": 1717227663,
        "narHash": "sha256-f6wh1HMkW7Ks9PKOsS95odyCjZOMuiK6B9NJTRsMApg=",
        "owner": "viperml",
        "repo": "nh",
        "rev": "0d76479fcdec0243ea560d1e2fde854337787e3a",
        "type": "github"
      },
      "original": {
        "owner": "viperml",
        "repo": "nh",
        "type": "github"
      }
    },
    "nixpkgs": {
      "locked": {
        "lastModified": 1716991068,
        "narHash": "sha256-Av0UWCCiIGJxsZ6TFc+OiKCJNqwoxMNVYDBChmhjNpo=",
        "owner": "NixOS",
        "repo": "nixpkgs",
        "rev": "25cf937a30bf0801447f6bf544fc7486c6309234",
        "type": "github"
      },
      "original": {
        "owner": "NixOS",
        "ref": "nixos-23.11",
        "repo": "nixpkgs",
        "type": "github"
      }
    },
    "nixpkgs_2": {
      "locked": {
        "lastModified": 1717281328,
        "narHash": "sha256-evZPzpf59oNcDUXxh2GHcxHkTEG4fjae2ytWP85jXRo=",
        "owner": "nixos",
        "repo": "nixpkgs",
        "rev": "b3b2b28c1daa04fe2ae47c21bb76fd226eac4ca1",
        "type": "github"
      },
      "original": {
        "owner": "nixos",
        "ref": "nixos-24.05",
        "repo": "nixpkgs",
        "type": "github"
      }
    },
    "root": {
      "inputs": {
        "nh": "nh",
        "nixpkgs": "nixpkgs_2"
      }
    }
  },
  "root": "root",
  "version": 7
}
